// !$*UTF8*$!
{
	archiveVersion = 1;
	classes = {
	};
	objectVersion = 77;
	objects = {

/* Begin PBXBuildFile section */
		03B077B683B2BA12BED0A6D8 /* ContentView.swift in Sources */ = {isa = PBXBuildFile; fileRef = 1E5065C63CE3B75656406418 /* ContentView.swift */; };
		05D0C924DCA9F26620214C43 /* CoreBluetooth.framework in Frameworks */ = {isa = PBXBuildFile; fileRef = 51648DD444CFD96533D6019E /* CoreBluetooth.framework */; };
		0B137B82D42C33433AD98278 /* BeaconManager.swift in Sources */ = {isa = PBXBuildFile; fileRef = 249C3D05A0E4D1FD05AB7376 /* BeaconManager.swift */; };
		285F1F41A29E4CC7E9B6938A /* CoreLocation.framework in Frameworks */ = {isa = PBXBuildFile; fileRef = 5142587FA9CA834D28C21825 /* CoreLocation.framework */; };
		5EB93CDA4BB548FDFA3387F1 /* ArveyGoRiderApp.swift in Sources */ = {isa = PBXBuildFile; fileRef = DDB37717BD85DA9E3CCF20DC /* ArveyGoRiderApp.swift */; };
		DDD520D11480D57114BF78B8 /* Assets.xcassets in Resources */ = {isa = PBXBuildFile; fileRef = 88A30A0116828C43839D7215 /* Assets.xcassets */; };
/* End PBXBuildFile section */

/* Begin PBXFileReference section */
		1E5065C63CE3B75656406418 /* ContentView.swift */ = {isa = PBXFileReference; lastKnownFileType = sourcecode.swift; path = ContentView.swift; sourceTree = "<group>"; };
		249C3D05A0E4D1FD05AB7376 /* BeaconManager.swift */ = {isa = PBXFileReference; lastKnownFileType = sourcecode.swift; path = BeaconManager.swift; sourceTree = "<group>"; };
		36AC65ADE72B51667C945ECC /* ArveyGoRider.app */ = {isa = PBXFileReference; includeInIndex = 0; lastKnownFileType = wrapper.application; path = ArveyGoRider.app; sourceTree = BUILT_PRODUCTS_DIR; };
		5142587FA9CA834D28C21825 /* CoreLocation.framework */ = {isa = PBXFileReference; lastKnownFileType = wrapper.framework; path = CoreLocation.framework; sourceTree = "<group>"; };
		51648DD444CFD96533D6019E /* CoreBluetooth.framework */ = {isa = PBXFileReference; lastKnownFileType = wrapper.framework; path = CoreBluetooth.framework; sourceTree = "<group>"; };
		88A30A0116828C43839D7215 /* Assets.xcassets */ = {isa = PBXFileReference; lastKnownFileType = folder.assetcatalog; path = Assets.xcassets; sourceTree = "<group>"; };
		D7A07CCC0BB8B32B9C39FDB6 /* Info.plist */ = {isa = PBXFileReference; lastKnownFileType = text.plist; path = Info.plist; sourceTree = "<group>"; };
		DDB37717BD85DA9E3CCF20DC /* ArveyGoRiderApp.swift */ = {isa = PBXFileReference; lastKnownFileType = sourcecode.swift; path = ArveyGoRiderApp.swift; sourceTree = "<group>"; };
/* End PBXFileReference section */

/* Begin PBXFrameworksBuildPhase section */
		2635AEBE04B326A3F2A045F1 /* Frameworks */ = {
			isa = PBXFrameworksBuildPhase;
			buildActionMask = 2147483647;
			files = (
				05D0C924DCA9F26620214C43 /* CoreBluetooth.framework in Frameworks */,
				285F1F41A29E4CC7E9B6938A /* CoreLocation.framework in Frameworks */,
			);
			runOnlyForDeploymentPostprocessing = 0;
		};
/* End PBXFrameworksBuildPhase section */

/* Begin PBXGroup section */
		6AE4631BCB884D37261D4481 /* Frameworks */ = {
			isa = PBXGroup;
			children = (
				51648DD444CFD96533D6019E /* CoreBluetooth.framework */,
				5142587FA9CA834D28C21825 /* CoreLocation.framework */,
			);
			name = Frameworks;
			sourceTree = "<group>";
		};
		7E75A9D5A911D9BC8A4B5FCC /* Products */ = {
			isa = PBXGroup;
			children = (
				36AC65ADE72B51667C945ECC /* ArveyGoRider.app */,
			);
			name = Products;
			sourceTree = "<group>";
		};
		87FBDF6C30057DE27890ACF8 = {
			isa = PBXGroup;
			children = (
				C6258BF38A73D4F831E17BB5 /* ArveyGoRider */,
				6AE4631BCB884D37261D4481 /* Frameworks */,
				7E75A9D5A911D9BC8A4B5FCC /* Products */,
			);
			sourceTree = "<group>";
		};
		C6258BF38A73D4F831E17BB5 /* ArveyGoRider */ = {
			isa = PBXGroup;
			children = (
				DDB37717BD85DA9E3CCF20DC /* ArveyGoRiderApp.swift */,
				88A30A0116828C43839D7215 /* Assets.xcassets */,
				249C3D05A0E4D1FD05AB7376 /* BeaconManager.swift */,
				1E5065C63CE3B75656406418 /* ContentView.swift */,
				D7A07CCC0BB8B32B9C39FDB6 /* Info.plist */,
			);
			path = ArveyGoRider;
			sourceTree = "<group>";
		};
/* End PBXGroup section */

/* Begin PBXNativeTarget section */
		B5B96301AF883F52F0640893 /* ArveyGoRider */ = {
			isa = PBXNativeTarget;
			buildConfigurationList = 78AAFC9904D756571DC90889 /* Build configuration list for PBXNativeTarget "ArveyGoRider" */;
			buildPhases = (
				A27DA4D45FF65FE6E9ABF389 /* Sources */,
				A32DA9F35EA9315739D59D8D /* Resources */,
				2635AEBE04B326A3F2A045F1 /* Frameworks */,
			);
			buildRules = (
			);
			dependencies = (
			);
			name = ArveyGoRider;
			packageProductDependencies = (
			);
			productName = ArveyGoRider;
			productReference = 36AC65ADE72B51667C945ECC /* ArveyGoRider.app */;
			productType = "com.apple.product-type.application";
		};
/* End PBXNativeTarget section */

/* Begin PBXProject section */
		EDC5E1C1B1098ACEEBB61155 /* Project object */ = {
			isa = PBXProject;
			attributes = {
				BuildIndependentTargetsInParallel = YES;
				LastUpgradeCheck = 1600;
				TargetAttributes = {
					B5B96301AF883F52F0640893 = {
						DevelopmentTeam = DMGAP95S6R;
						ProvisioningStyle = Automatic;
					};
				};
			};
			buildConfigurationList = DA73E76A6421A5EE3AF5818F /* Build configuration list for PBXProject "ArveyGoRider" */;
			developmentRegion = en;
			hasScannedForEncodings = 0;
			knownRegions = (
				Base,
				en,
			);
			mainGroup = 87FBDF6C30057DE27890ACF8;
			minimizedProjectReferenceProxies = 1;
			preferredProjectObjectVersion = 77;
			productRefGroup = 7E75A9D5A911D9BC8A4B5FCC /* Products */;
			projectDirPath = "";
			projectRoot = "";
			targets = (
				B5B96301AF883F52F0640893 /* ArveyGoRider */,
			);
		};
/* End PBXProject section */

/* Begin PBXResourcesBuildPhase section */
		A32DA9F35EA9315739D59D8D /* Resources */ = {
			isa = PBXResourcesBuildPhase;
			buildActionMask = 2147483647;
			files = (
				DDD520D11480D57114BF78B8 /* Assets.xcassets in Resources */,
			);
			runOnlyForDeploymentPostprocessing = 0;
		};
/* End PBXResourcesBuildPhase section */

/* Begin PBXSourcesBuildPhase section */
		A27DA4D45FF65FE6E9ABF389 /* Sources */ = {
			isa = PBXSourcesBuildPhase;
			buildActionMask = 2147483647;
			files = (
				5EB93CDA4BB548FDFA3387F1 /* ArveyGoRiderApp.swift in Sources */,
				0B137B82D42C33433AD98278 /* BeaconManager.swift in Sources */,
				03B077B683B2BA12BED0A6D8 /* ContentView.swift in Sources */,
			);
			runOnlyForDeploymentPostprocessing = 0;
		};
/* End PBXSourcesBuildPhase section */

/* Begin XCBuildConfiguration section */
		13BB6007A1F557E6864E1271 /* Release */ = {
			isa = XCBuildConfiguration;
			buildSettings = {
				ALWAYS_SEARCH_USER_PATHS = NO;
				CLANG_ANALYZER_NONNULL = YES;
				CLANG_ANALYZER_NUMBER_OBJECT_CONVERSION = YES_AGGRESSIVE;
				CLANG_CXX_LANGUAGE_STANDARD = "gnu++14";
				CLANG_CXX_LIBRARY = "libc++";
				CLANG_ENABLE_MODULES = YES;
				CLANG_ENABLE_OBJC_ARC = YES;
				CLANG_ENABLE_OBJC_WEAK = YES;
				CLANG_WARN_BLOCK_CAPTURE_AUTORELEASING = YES;
				CLANG_WARN_BOOL_CONVERSION = YES;
				CLANG_WARN_COMMA = YES;
				CLANG_WARN_CONSTANT_CONVERSION = YES;
				CLANG_WARN_DEPRECATED_OBJC_IMPLEMENTATIONS = YES;
				CLANG_WARN_DIRECT_OBJC_ISA_USAGE = YES_ERROR;
				CLANG_WARN_DOCUMENTATION_COMMENTS = YES;
				CLANG_WARN_EMPTY_BODY = YES;
				CLANG_WARN_ENUM_CONVERSION = YES;
				CLANG_WARN_INFINITE_RECURSION = YES;
				CLANG_WARN_INT_CONVERSION = YES;
				CLANG_WARN_NON_LITERAL_NULL_CONVERSION = YES;
				CLANG_WARN_OBJC_IMPLICIT_RETAIN_SELF = YES;
				CLANG_WARN_OBJC_LITERAL_CONVERSION = YES;
				CLANG_WARN_OBJC_ROOT_CLASS = YES_ERROR;
				CLANG_WARN_QUOTED_INCLUDE_IN_FRAMEWORK_HEADER = YES;
				CLANG_WARN_RANGE_LOOP_ANALYSIS = YES;
				CLANG_WARN_STRICT_PROTOTYPES = YES;
				CLANG_WARN_SUSPICIOUS_MOVE = YES;
				CLANG_WARN_UNGUARDED_AVAILABILITY = YES_AGGRESSIVE;
				CLANG_WARN_UNREACHABLE_CODE = YES;
				CLANG_WARN__DUPLICATE_METHOD_MATCH = YES;
				COPY_PHASE_STRIP = NO;
				CURRENT_PROJECT_VERSION = 1;
				DEBUG_INFORMATION_FORMAT = "dwarf-with-dsym";
				DEVELOPMENT_TEAM = DMGAP95S6R;
				ENABLE_NS_ASSERTIONS = NO;
				ENABLE_STRICT_OBJC_MSGSEND = YES;
				GCC_C_LANGUAGE_STANDARD = gnu11;
				GCC_NO_COMMON_BLOCKS = YES;
				GCC_WARN_64_TO_32_BIT_CONVERSION = YES;
				GCC_WARN_ABOUT_RETURN_TYPE = YES_ERROR;
				GCC_WARN_UNDECLARED_SELECTOR = YES;
				GCC_WARN_UNINITIALIZED_AUTOS = YES_AGGRESSIVE;
				GCC_WARN_UNUSED_FUNCTION = YES;
				GCC_WARN_UNUSED_VARIABLE = YES;
				IPHONEOS_DEPLOYMENT_TARGET = 17.0;
				MARKETING_VERSION = 1.0;
				MTL_ENABLE_DEBUG_INFO = NO;
				MTL_FAST_MATH = YES;
				PRODUCT_NAME = "$(TARGET_NAME)";
				SDKROOT = iphoneos;
				SWIFT_COMPILATION_MODE = wholemodule;
				SWIFT_OPTIMIZATION_LEVEL = "-O";
				SWIFT_VERSION = 6.0;
			};
			name = Release;
		};
		79F5DA9D12FD55330A806876 /* Debug */ = {
			isa = XCBuildConfiguration;
			buildSettings = {
				ASSETCATALOG_COMPILER_APPICON_NAME = AppIcon;
				CODE_SIGN_IDENTITY = "iPhone Developer";
				CODE_SIGN_STYLE = Automatic;
				DEVELOPMENT_TEAM = DMGAP95S6R;
				FRAMEWORK_SEARCH_PATHS = (
					"$(inherited)",
					"\".\"",
				);
				GENERATE_INFOPLIST_FILE = NO;
				INFOPLIST_FILE = ArveyGoRider/Info.plist;
				LD_RUNPATH_SEARCH_PATHS = (
					"$(inherited)",
					"@executable_path/Frameworks",
				);
				PRODUCT_BUNDLE_IDENTIFIER = com.arveya.arveygorider;
				SDKROOT = iphoneos;
				SWIFT_STRICT_CONCURRENCY = complete;
				TARGETED_DEVICE_FAMILY = "1,2";
			};
			name = Debug;
		};
		CB6B22EBE1E399D6924B4C43 /* Release */ = {
			isa = XCBuildConfiguration;
			buildSettings = {
				ASSETCATALOG_COMPILER_APPICON_NAME = AppIcon;
				CODE_SIGN_IDENTITY = "iPhone Developer";
				CODE_SIGN_STYLE = Automatic;
				DEVELOPMENT_TEAM = DMGAP95S6R;
				FRAMEWORK_SEARCH_PATHS = (
					"$(inherited)",
					"\".\"",
				);
				GENERATE_INFOPLIST_FILE = NO;
				INFOPLIST_FILE = ArveyGoRider/Info.plist;
				LD_RUNPATH_SEARCH_PATHS = (
					"$(inherited)",
					"@executable_path/Frameworks",
				);
				PRODUCT_BUNDLE_IDENTIFIER = com.arveya.arveygorider;
				SDKROOT = iphoneos;
				SWIFT_STRICT_CONCURRENCY = complete;
				TARGETED_DEVICE_FAMILY = "1,2";
			};
			name = Release;
		};
		F403F03B92187591B34DB1F0 /* Debug */ = {
			isa = XCBuildConfiguration;
			buildSettings = {
				ALWAYS_SEARCH_USER_PATHS = NO;
				CLANG_ANALYZER_NONNULL = YES;
				CLANG_ANALYZER_NUMBER_OBJECT_CONVERSION = YES_AGGRESSIVE;
				CLANG_CXX_LANGUAGE_STANDARD = "gnu++14";
				CLANG_CXX_LIBRARY = "libc++";
				CLANG_ENABLE_MODULES = YES;
				CLANG_ENABLE_OBJC_ARC = YES;
				CLANG_ENABLE_OBJC_WEAK = YES;
				CLANG_WARN_BLOCK_CAPTURE_AUTORELEASING = YES;
				CLANG_WARN_BOOL_CONVERSION = YES;
				CLANG_WARN_COMMA = YES;
				CLANG_WARN_CONSTANT_CONVERSION = YES;
				CLANG_WARN_DEPRECATED_OBJC_IMPLEMENTATIONS = YES;
				CLANG_WARN_DIRECT_OBJC_ISA_USAGE = YES_ERROR;
				CLANG_WARN_DOCUMENTATION_COMMENTS = YES;
				CLANG_WARN_EMPTY_BODY = YES;
				CLANG_WARN_ENUM_CONVERSION = YES;
				CLANG_WARN_INFINITE_RECURSION = YES;
				CLANG_WARN_INT_CONVERSION = YES;
				CLANG_WARN_NON_LITERAL_NULL_CONVERSION = YES;
				CLANG_WARN_OBJC_IMPLICIT_RETAIN_SELF = YES;
				CLANG_WARN_OBJC_LITERAL_CONVERSION = YES;
				CLANG_WARN_OBJC_ROOT_CLASS = YES_ERROR;
				CLANG_WARN_QUOTED_INCLUDE_IN_FRAMEWORK_HEADER = YES;
				CLANG_WARN_RANGE_LOOP_ANALYSIS = YES;
				CLANG_WARN_STRICT_PROTOTYPES = YES;
				CLANG_WARN_SUSPICIOUS_MOVE = YES;
				CLANG_WARN_UNGUARDED_AVAILABILITY = YES_AGGRESSIVE;
				CLANG_WARN_UNREACHABLE_CODE = YES;
				CLANG_WARN__DUPLICATE_METHOD_MATCH = YES;
				COPY_PHASE_STRIP = NO;
				CURRENT_PROJECT_VERSION = 1;
				DEBUG_INFORMATION_FORMAT = dwarf;
				DEVELOPMENT_TEAM = DMGAP95S6R;
				ENABLE_STRICT_OBJC_MSGSEND = YES;
				ENABLE_TESTABILITY = YES;
				GCC_C_LANGUAGE_STANDARD = gnu11;
				GCC_DYNAMIC_NO_PIC = NO;
				GCC_NO_COMMON_BLOCKS = YES;
				GCC_OPTIMIZATION_LEVEL = 0;
				GCC_PREPROCESSOR_DEFINITIONS = (
					"$(inherited)",
					"DEBUG=1",
				);
				GCC_WARN_64_TO_32_BIT_CONVERSION = YES;
				GCC_WARN_ABOUT_RETURN_TYPE = YES_ERROR;
				GCC_WARN_UNDECLARED_SELECTOR = YES;
				GCC_WARN_UNINITIALIZED_AUTOS = YES_AGGRESSIVE;
				GCC_WARN_UNUSED_FUNCTION = YES;
				GCC_WARN_UNUSED_VARIABLE = YES;
				IPHONEOS_DEPLOYMENT_TARGET = 17.0;
				MARKETING_VERSION = 1.0;
				MTL_ENABLE_DEBUG_INFO = INCLUDE_SOURCE;
				MTL_FAST_MATH = YES;
				ONLY_ACTIVE_ARCH = YES;
				PRODUCT_NAME = "$(TARGET_NAME)";
				SDKROOT = iphoneos;
				SWIFT_ACTIVE_COMPILATION_CONDITIONS = DEBUG;
				SWIFT_OPTIMIZATION_LEVEL = "-Onone";
				SWIFT_VERSION = 6.0;
			};
			name = Debug;
		};
/* End XCBuildConfiguration section */

/* Begin XCConfigurationList section */
		78AAFC9904D756571DC90889 /* Build configuration list for PBXNativeTarget "ArveyGoRider" */ = {
			isa = XCConfigurationList;
			buildConfigurations = (
				79F5DA9D12FD55330A806876 /* Debug */,
				CB6B22EBE1E399D6924B4C43 /* Release */,
			);
			defaultConfigurationIsVisible = 0;
			defaultConfigurationName = Debug;
		};
		DA73E76A6421A5EE3AF5818F /* Build configuration list for PBXProject "ArveyGoRider" */ = {
			isa = XCConfigurationList;
			buildConfigurations = (
				F403F03B92187591B34DB1F0 /* Debug */,
				13BB6007A1F557E6864E1271 /* Release */,
			);
			defaultConfigurationIsVisible = 0;
			defaultConfigurationName = Debug;
		};
/* End XCConfigurationList section */
	};
	rootObject = EDC5E1C1B1098ACEEBB61155 /* Project object */;
}
